
Microsoft Visual Studio Solution File, Format Version 12.00
# Visual Studio 15
VisualStudioVersion = 15.0.27130.2010
MinimumVisualStudioVersion = 10.0.40219.1
Project("{FAE04EC0-301F-11D3-BF4B-00C04F79EFBC}") = "MyPortfolio", "MyPortfolio\MyPortfolio.csproj", "{C8A30E89-4F93-42F4-B65F-AC6BB7029E59}"
EndProject
Global
	GlobalSection(SolutionConfigurationPlatforms) = preSolution
		Debug|Any CPU = Debug|Any CPU
		Release|Any CPU = Release|Any CPU
	EndGlobalSection
	GlobalSection(ProjectConfigurationPlatforms) = postSolution
		{C8A30E89-4F93-42F4-B65F-AC6BB7029E59}.Debug|Any CPU.ActiveCfg = Debug|Any CPU
		{C8A30E89-4F93-42F4-B65F-AC6BB7029E59}.Debug|Any CPU.Build.0 = Debug|Any CPU
		{C8A30E89-4F93-42F4-B65F-AC6BB7029E59}.Release|Any CPU.ActiveCfg = Release|Any CPU
		{C8A30E89-4F93-42F4-B65F-AC6BB7029E59}.Release|Any CPU.Build.0 = Release|Any CPU
	EndGlobalSection
	GlobalSection(SolutionProperties) = preSolution
		HideSolutionNode = FALSE
	EndGlobalSection
	GlobalSection(ExtensibilityGlobals) = postSolution
		SolutionGuid = {5C0124D1-7625-4773-9EC7-474AE84F07F7}
	EndGlobalSection
EndGlobal
